{
  "originHash" : "bcaea5e8e7b65fd5865a5ac65cfc1cabae5ede2061cb2a000fea56840233515e",
  "pins" : [
    {
      "identity" : "pulse",
      "kind" : "remoteSourceControl",
      "location" : "https://github.com/kean/Pulse",
      "state" : {
        "revision" : "c102aaa266ac69a26d08ee6861da710283988e3b",
        "version" : "5.1.2"
      }
    },
    {
      "identity" : "realm-core",
      "kind" : "remoteSourceControl",
      "location" : "https://github.com/realm/realm-core.git",
      "state" : {
        "revision" : "85eeca41654cc9070ad81a21a4b1d153ad467c33",
        "version" : "14.13.1"
      }
    },
    {
      "identity" : "realm-swift",
      "kind" : "remoteSourceControl",
      "location" : "https://github.com/realm/realm-swift",
      "state" : {
        "revision" : "5553cfd1c789efdb3d6daf7f0cc0733cfe601846",
        "version" : "10.54.1"
      }
    },
    {
      "identity" : "swift-icontainer",
      "kind" : "remoteSourceControl",
      "location" : "https://github.com/hasaady/swift-icontainer",
      "state" : {
        "branch" : "main",
        "revision" : "259b73ab21519c8c99415a747fcafcd81e4bbd60"
      }
    },
    {
      "identity" : "swift-network",
      "kind" : "remoteSourceControl",
      "location" : "https://github.com/hasaady/swift-network",
      "state" : {
        "branch" : "main",
        "revision" : "7f4aefff1325d961020e09abf65aa42b0f56f554"
      }
    }
  ],
  "version" : 3
}
